
Microsoft Visual Studio Solution File, Format Version 12.00
# Visual Studio 2012
Project("{FAE04EC0-301F-11D3-BF4B-00C04F79EFBC}") = "LESSDemos", "LESSDemos\LESSDemos.csproj", "{AF98D293-85FA-4206-8D5D-0085EB344284}"
EndProject
Project("{E24C65DC-7377-472B-9ABA-BC803B73C61A}") = "proba(1)", "http://localhost:60877", "{96A87E69-62B4-47CA-8758-173BD37FDA99}"
	ProjectSection(WebsiteProperties) = preProject
		UseIISExpress = "true"
		TargetFrameworkMoniker = ".NETFramework,Version%3Dv4.5"
		Debug.AspNetCompiler.VirtualPath = "/localhost_60877"
		Debug.AspNetCompiler.PhysicalPath = "proba\"
		Debug.AspNetCompiler.TargetPath = "PrecompiledWeb\localhost_60877\"
		Debug.AspNetCompiler.Updateable = "true"
		Debug.AspNetCompiler.ForceOverwrite = "true"
		Debug.AspNetCompiler.FixedNames = "false"
		Debug.AspNetCompiler.Debug = "True"
		Release.AspNetCompiler.VirtualPath = "/localhost_60877"
		Release.AspNetCompiler.PhysicalPath = "proba\"
		Release.AspNetCompiler.TargetPath = "PrecompiledWeb\localhost_60877\"
		Release.AspNetCompiler.Updateable = "true"
		Release.AspNetCompiler.ForceOverwrite = "true"
		Release.AspNetCompiler.FixedNames = "false"
		Release.AspNetCompiler.Debug = "False"
		SlnRelativePath = "proba\"
	EndProjectSection
EndProject
Global
	GlobalSection(SolutionConfigurationPlatforms) = preSolution
		Debug|Any CPU = Debug|Any CPU
		Release|Any CPU = Release|Any CPU
	EndGlobalSection
	GlobalSection(ProjectConfigurationPlatforms) = postSolution
		{AF98D293-85FA-4206-8D5D-0085EB344284}.Debug|Any CPU.ActiveCfg = Debug|Any CPU
		{AF98D293-85FA-4206-8D5D-0085EB344284}.Debug|Any CPU.Build.0 = Debug|Any CPU
		{AF98D293-85FA-4206-8D5D-0085EB344284}.Release|Any CPU.ActiveCfg = Release|Any CPU
		{AF98D293-85FA-4206-8D5D-0085EB344284}.Release|Any CPU.Build.0 = Release|Any CPU
		{96A87E69-62B4-47CA-8758-173BD37FDA99}.Debug|Any CPU.ActiveCfg = Debug|Any CPU
		{96A87E69-62B4-47CA-8758-173BD37FDA99}.Debug|Any CPU.Build.0 = Debug|Any CPU
		{96A87E69-62B4-47CA-8758-173BD37FDA99}.Release|Any CPU.ActiveCfg = Debug|Any CPU
		{96A87E69-62B4-47CA-8758-173BD37FDA99}.Release|Any CPU.Build.0 = Debug|Any CPU
	EndGlobalSection
	GlobalSection(SolutionProperties) = preSolution
		HideSolutionNode = FALSE
	EndGlobalSection
EndGlobal
